
Microsoft Visual Studio Solution File, Format Version 12.00
# Visual Studio Version 17
VisualStudioVersion = 17.6.33815.320
MinimumVisualStudioVersion = 10.0.40219.1
Project("{9A19103F-16F7-4668-BE54-9A1E7A4F7556}") = "TicTacToe", "TicTacToe\TicTacToe.csproj", "{348FD855-6B94-4D4D-8A4A-E5E6D9BB3D8B}"
EndProject
Project("{9A19103F-16F7-4668-BE54-9A1E7A4F7556}") = "TicTacToeNetwork", "TicTacToeServer\TicTacToeNetwork.csproj", "{9B2A1EF2-D7F7-4377-A9AA-98C2B0E90975}"
EndProject
Project("{9A19103F-16F7-4668-BE54-9A1E7A4F7556}") = "TicTacToeTests", "TicTacToeTests\TicTacToeTests.csproj", "{D7BF2983-22A4-4AFE-9597-C1BCF176451E}"
EndProject
Project("{9A19103F-16F7-4668-BE54-9A1E7A4F7556}") = "TicTacToeUI", "TicTacToeUI\TicTacToeUI.csproj", "{BDFA8E5E-C928-4B18-A6D7-A2E96330ED97}"
	ProjectSection(ProjectDependencies) = postProject
		{348FD855-6B94-4D4D-8A4A-E5E6D9BB3D8B} = {348FD855-6B94-4D4D-8A4A-E5E6D9BB3D8B}
		{9B2A1EF2-D7F7-4377-A9AA-98C2B0E90975} = {9B2A1EF2-D7F7-4377-A9AA-98C2B0E90975}
	EndProjectSection
EndProject
Project("{FAE04EC0-301F-11D3-BF4B-00C04F79EFBC}") = "ServerDriver", "ServerDriver\ServerDriver.csproj", "{D2E47E7C-025D-4EF3-9311-932FB6FB1819}"
EndProject
Global
	GlobalSection(SolutionConfigurationPlatforms) = preSolution
		Debug|Any CPU = Debug|Any CPU
		Release|Any CPU = Release|Any CPU
	EndGlobalSection
	GlobalSection(ProjectConfigurationPlatforms) = postSolution
		{348FD855-6B94-4D4D-8A4A-E5E6D9BB3D8B}.Debug|Any CPU.ActiveCfg = Debug|Any CPU
		{348FD855-6B94-4D4D-8A4A-E5E6D9BB3D8B}.Debug|Any CPU.Build.0 = Debug|Any CPU
		{348FD855-6B94-4D4D-8A4A-E5E6D9BB3D8B}.Release|Any CPU.ActiveCfg = Release|Any CPU
		{348FD855-6B94-4D4D-8A4A-E5E6D9BB3D8B}.Release|Any CPU.Build.0 = Release|Any CPU
		{9B2A1EF2-D7F7-4377-A9AA-98C2B0E90975}.Debug|Any CPU.ActiveCfg = Debug|Any CPU
		{9B2A1EF2-D7F7-4377-A9AA-98C2B0E90975}.Debug|Any CPU.Build.0 = Debug|Any CPU
		{9B2A1EF2-D7F7-4377-A9AA-98C2B0E90975}.Release|Any CPU.ActiveCfg = Release|Any CPU
		{9B2A1EF2-D7F7-4377-A9AA-98C2B0E90975}.Release|Any CPU.Build.0 = Release|Any CPU
		{D7BF2983-22A4-4AFE-9597-C1BCF176451E}.Debug|Any CPU.ActiveCfg = Debug|Any CPU
		{D7BF2983-22A4-4AFE-9597-C1BCF176451E}.Debug|Any CPU.Build.0 = Debug|Any CPU
		{D7BF2983-22A4-4AFE-9597-C1BCF176451E}.Release|Any CPU.ActiveCfg = Release|Any CPU
		{D7BF2983-22A4-4AFE-9597-C1BCF176451E}.Release|Any CPU.Build.0 = Release|Any CPU
		{BDFA8E5E-C928-4B18-A6D7-A2E96330ED97}.Debug|Any CPU.ActiveCfg = Debug|Any CPU
		{BDFA8E5E-C928-4B18-A6D7-A2E96330ED97}.Debug|Any CPU.Build.0 = Debug|Any CPU
		{BDFA8E5E-C928-4B18-A6D7-A2E96330ED97}.Debug|Any CPU.Deploy.0 = Debug|Any CPU
		{BDFA8E5E-C928-4B18-A6D7-A2E96330ED97}.Release|Any CPU.ActiveCfg = Release|Any CPU
		{BDFA8E5E-C928-4B18-A6D7-A2E96330ED97}.Release|Any CPU.Build.0 = Release|Any CPU
		{BDFA8E5E-C928-4B18-A6D7-A2E96330ED97}.Release|Any CPU.Deploy.0 = Release|Any CPU
		{D2E47E7C-025D-4EF3-9311-932FB6FB1819}.Debug|Any CPU.ActiveCfg = Debug|Any CPU
		{D2E47E7C-025D-4EF3-9311-932FB6FB1819}.Debug|Any CPU.Build.0 = Debug|Any CPU
		{D2E47E7C-025D-4EF3-9311-932FB6FB1819}.Release|Any CPU.ActiveCfg = Release|Any CPU
		{D2E47E7C-025D-4EF3-9311-932FB6FB1819}.Release|Any CPU.Build.0 = Release|Any CPU
	EndGlobalSection
	GlobalSection(SolutionProperties) = preSolution
		HideSolutionNode = FALSE
	EndGlobalSection
	GlobalSection(ExtensibilityGlobals) = postSolution
		SolutionGuid = {7CC0A328-5D5A-49B9-A5C8-58F1D003FB5D}
	EndGlobalSection
EndGlobal
